// !$*UTF8*$!
{
	archiveVersion = 1;
	classes = {
	};
	objectVersion = 46;
	objects = {

/* Begin PBXBuildFile section */
		588A6AC81E8CF4C900C11E48 /* main.m in Sources */ = {isa = PBXBuildFile; fileRef = 588A6AC71E8CF4C900C11E48 /* main.m */; };
		588A6ACB1E8CF4C900C11E48 /* AppDelegate.m in Sources */ = {isa = PBXBuildFile; fileRef = 588A6ACA1E8CF4C900C11E48 /* AppDelegate.m */; };
		588A6AD31E8CF4C900C11E48 /* Assets.xcassets in Resources */ = {isa = PBXBuildFile; fileRef = 588A6AD21E8CF4C900C11E48 /* Assets.xcassets */; };
		588A6AD61E8CF4C900C11E48 /* LaunchScreen.storyboard in Resources */ = {isa = PBXBuildFile; fileRef = 588A6AD41E8CF4C900C11E48 /* LaunchScreen.storyboard */; };
		588A6AE11E8CF4CA00C11E48 /* TouClickDemoTests.m in Sources */ = {isa = PBXBuildFile; fileRef = 588A6AE01E8CF4CA00C11E48 /* TouClickDemoTests.m */; };
		588A6AEC1E8CF4CA00C11E48 /* TouClickDemoUITests.m in Sources */ = {isa = PBXBuildFile; fileRef = 588A6AEB1E8CF4CA00C11E48 /* TouClickDemoUITests.m */; };
		588A6B031E8CFCB500C11E48 /* TCViewController.m in Sources */ = {isa = PBXBuildFile; fileRef = 588A6B011E8CFCB500C11E48 /* TCViewController.m */; };
		58A7C8F71E933EA200B07E1A /* bubble1@2x.png in Resources */ = {isa = PBXBuildFile; fileRef = 58A7C8D01E933EA200B07E1A /* bubble1@2x.png */; };
		58A7C8F81E933EA200B07E1A /* bubble2@2x.png in Resources */ = {isa = PBXBuildFile; fileRef = 58A7C8D11E933EA200B07E1A /* bubble2@2x.png */; };
		58A7C8F91E933EA200B07E1A /* close1@2x.png in Resources */ = {isa = PBXBuildFile; fileRef = 58A7C8D21E933EA200B07E1A /* close1@2x.png */; };
		58A7C8FA1E933EA200B07E1A /* close2@2x.png in Resources */ = {isa = PBXBuildFile; fileRef = 58A7C8D31E933EA200B07E1A /* close2@2x.png */; };
		58A7C8FB1E933EA200B07E1A /* done@2x.png in Resources */ = {isa = PBXBuildFile; fileRef = 58A7C8D41E933EA200B07E1A /* done@2x.png */; };
		58A7C8FC1E933EA200B07E1A /* error@2x.png in Resources */ = {isa = PBXBuildFile; fileRef = 58A7C8D51E933EA200B07E1A /* error@2x.png */; };
		58A7C8FD1E933EA200B07E1A /* icon_close@2x.png in Resources */ = {isa = PBXBuildFile; fileRef = 58A7C8D61E933EA200B07E1A /* icon_close@2x.png */; };
		58A7C8FE1E933EA200B07E1A /* icon_refresh@2x.png in Resources */ = {isa = PBXBuildFile; fileRef = 58A7C8D71E933EA200B07E1A /* icon_refresh@2x.png */; };
		58A7C8FF1E933EA200B07E1A /* logo-b@2x.png in Resources */ = {isa = PBXBuildFile; fileRef = 58A7C8D81E933EA200B07E1A /* logo-b@2x.png */; };
		58A7C9001E933EA200B07E1A /* logo-s@2x.png in Resources */ = {isa = PBXBuildFile; fileRef = 58A7C8D91E933EA200B07E1A /* logo-s@2x.png */; };
		58A7C9011E933EA200B07E1A /* logo-touclick@2x.png in Resources */ = {isa = PBXBuildFile; fileRef = 58A7C8DA1E933EA200B07E1A /* logo-touclick@2x.png */; };
		58A7C9021E933EA200B07E1A /* logo-w@2x.png in Resources */ = {isa = PBXBuildFile; fileRef = 58A7C8DB1E933EA200B07E1A /* logo-w@2x.png */; };
		58A7C9031E933EA200B07E1A /* OK@2x.png in Resources */ = {isa = PBXBuildFile; fileRef = 58A7C8DC1E933EA200B07E1A /* OK@2x.png */; };
		58A7C9041E933EA200B07E1A /* refresh1@2x.png in Resources */ = {isa = PBXBuildFile; fileRef = 58A7C8DD1E933EA200B07E1A /* refresh1@2x.png */; };
		58A7C9051E933EA200B07E1A /* refresh2@2x.png in Resources */ = {isa = PBXBuildFile; fileRef = 58A7C8DE1E933EA200B07E1A /* refresh2@2x.png */; };
		58A7C9061E933EA200B07E1A /* TCCheckModel.m in Sources */ = {isa = PBXBuildFile; fileRef = 58A7C8E11E933EA200B07E1A /* TCCheckModel.m */; };
		58A7C9071E933EA200B07E1A /* TCVerifyModel.m in Sources */ = {isa = PBXBuildFile; fileRef = 58A7C8E31E933EA200B07E1A /* TCVerifyModel.m */; };
		58A7C9081E933EA200B07E1A /* CABasicAnimation+Category.m in Sources */ = {isa = PBXBuildFile; fileRef = 58A7C8E71E933EA200B07E1A /* CABasicAnimation+Category.m */; };
		58A7C9091E933EA200B07E1A /* ZKLoading.m in Sources */ = {isa = PBXBuildFile; fileRef = 58A7C8E91E933EA200B07E1A /* ZKLoading.m */; };
		58A7C90A1E933EA200B07E1A /* UIView+Addition.m in Sources */ = {isa = PBXBuildFile; fileRef = 58A7C8EB1E933EA200B07E1A /* UIView+Addition.m */; };
		58A7C90B1E933EA200B07E1A /* TCVerifyButton.m in Sources */ = {isa = PBXBuildFile; fileRef = 58A7C8EE1E933EA200B07E1A /* TCVerifyButton.m */; };
		58A7C90C1E933EA200B07E1A /* TCVerifyView.m in Sources */ = {isa = PBXBuildFile; fileRef = 58A7C8F01E933EA200B07E1A /* TCVerifyView.m */; };
		58A7C90D1E933EA200B07E1A /* TCVerifyView.xib in Resources */ = {isa = PBXBuildFile; fileRef = 58A7C8F11E933EA200B07E1A /* TCVerifyView.xib */; };
		58A7C90E1E933EA200B07E1A /* TCNetManager.m in Sources */ = {isa = PBXBuildFile; fileRef = 58A7C8F41E933EA200B07E1A /* TCNetManager.m */; };
		58A7C90F1E933EA200B07E1A /* TCVerifyUtil.m in Sources */ = {isa = PBXBuildFile; fileRef = 58A7C8F61E933EA200B07E1A /* TCVerifyUtil.m */; };
		58A7C9121E933EE400B07E1A /* TCVerifyTabbar.m in Sources */ = {isa = PBXBuildFile; fileRef = 58A7C9111E933EE400B07E1A /* TCVerifyTabbar.m */; };
/* End PBXBuildFile section */

/* Begin PBXContainerItemProxy section */
		588A6ADD1E8CF4CA00C11E48 /* PBXContainerItemProxy */ = {
			isa = PBXContainerItemProxy;
			containerPortal = 588A6ABB1E8CF4C900C11E48 /* Project object */;
			proxyType = 1;
			remoteGlobalIDString = 588A6AC21E8CF4C900C11E48;
			remoteInfo = TouClickDemo;
		};
		588A6AE81E8CF4CA00C11E48 /* PBXContainerItemProxy */ = {
			isa = PBXContainerItemProxy;
			containerPortal = 588A6ABB1E8CF4C900C11E48 /* Project object */;
			proxyType = 1;
			remoteGlobalIDString = 588A6AC21E8CF4C900C11E48;
			remoteInfo = TouClickDemo;
		};
/* End PBXContainerItemProxy section */

/* Begin PBXFileReference section */
		588A6AC31E8CF4C900C11E48 /* TouClickDemo.app */ = {isa = PBXFileReference; explicitFileType = wrapper.application; includeInIndex = 0; path = TouClickDemo.app; sourceTree = BUILT_PRODUCTS_DIR; };
		588A6AC71E8CF4C900C11E48 /* main.m */ = {isa = PBXFileReference; lastKnownFileType = sourcecode.c.objc; path = main.m; sourceTree = "<group>"; };
		588A6AC91E8CF4C900C11E48 /* AppDelegate.h */ = {isa = PBXFileReference; lastKnownFileType = sourcecode.c.h; path = AppDelegate.h; sourceTree = "<group>"; };
		588A6ACA1E8CF4C900C11E48 /* AppDelegate.m */ = {isa = PBXFileReference; lastKnownFileType = sourcecode.c.objc; path = AppDelegate.m; sourceTree = "<group>"; };
		588A6AD21E8CF4C900C11E48 /* Assets.xcassets */ = {isa = PBXFileReference; lastKnownFileType = folder.assetcatalog; path = Assets.xcassets; sourceTree = "<group>"; };
		588A6AD51E8CF4C900C11E48 /* Base */ = {isa = PBXFileReference; lastKnownFileType = file.storyboard; name = Base; path = Base.lproj/LaunchScreen.storyboard; sourceTree = "<group>"; };
		588A6AD71E8CF4C900C11E48 /* Info.plist */ = {isa = PBXFileReference; lastKnownFileType = text.plist.xml; path = Info.plist; sourceTree = "<group>"; };
		588A6ADC1E8CF4CA00C11E48 /* TouClickDemoTests.xctest */ = {isa = PBXFileReference; explicitFileType = wrapper.cfbundle; includeInIndex = 0; path = TouClickDemoTests.xctest; sourceTree = BUILT_PRODUCTS_DIR; };
		588A6AE01E8CF4CA00C11E48 /* TouClickDemoTests.m */ = {isa = PBXFileReference; lastKnownFileType = sourcecode.c.objc; path = TouClickDemoTests.m; sourceTree = "<group>"; };
		588A6AE21E8CF4CA00C11E48 /* Info.plist */ = {isa = PBXFileReference; lastKnownFileType = text.plist.xml; path = Info.plist; sourceTree = "<group>"; };
		588A6AE71E8CF4CA00C11E48 /* TouClickDemoUITests.xctest */ = {isa = PBXFileReference; explicitFileType = wrapper.cfbundle; includeInIndex = 0; path = TouClickDemoUITests.xctest; sourceTree = BUILT_PRODUCTS_DIR; };
		588A6AEB1E8CF4CA00C11E48 /* TouClickDemoUITests.m */ = {isa = PBXFileReference; lastKnownFileType = sourcecode.c.objc; path = TouClickDemoUITests.m; sourceTree = "<group>"; };
		588A6AED1E8CF4CA00C11E48 /* Info.plist */ = {isa = PBXFileReference; lastKnownFileType = text.plist.xml; path = Info.plist; sourceTree = "<group>"; };
		588A6B001E8CFCB500C11E48 /* TCViewController.h */ = {isa = PBXFileReference; fileEncoding = 4; lastKnownFileType = sourcecode.c.h; path = TCViewController.h; sourceTree = "<group>"; };
		588A6B011E8CFCB500C11E48 /* TCViewController.m */ = {isa = PBXFileReference; fileEncoding = 4; lastKnownFileType = sourcecode.c.objc; path = TCViewController.m; sourceTree = "<group>"; };
		58A7C8D01E933EA200B07E1A /* bubble1@2x.png */ = {isa = PBXFileReference; lastKnownFileType = image.png; path = "bubble1@2x.png"; sourceTree = "<group>"; };
		58A7C8D11E933EA200B07E1A /* bubble2@2x.png */ = {isa = PBXFileReference; lastKnownFileType = image.png; path = "bubble2@2x.png"; sourceTree = "<group>"; };
		58A7C8D21E933EA200B07E1A /* close1@2x.png */ = {isa = PBXFileReference; lastKnownFileType = image.png; path = "close1@2x.png"; sourceTree = "<group>"; };
		58A7C8D31E933EA200B07E1A /* close2@2x.png */ = {isa = PBXFileReference; lastKnownFileType = image.png; path = "close2@2x.png"; sourceTree = "<group>"; };
		58A7C8D41E933EA200B07E1A /* done@2x.png */ = {isa = PBXFileReference; lastKnownFileType = image.png; path = "done@2x.png"; sourceTree = "<group>"; };
		58A7C8D51E933EA200B07E1A /* error@2x.png */ = {isa = PBXFileReference; lastKnownFileType = image.png; path = "error@2x.png"; sourceTree = "<group>"; };
		58A7C8D61E933EA200B07E1A /* icon_close@2x.png */ = {isa = PBXFileReference; lastKnownFileType = image.png; path = "icon_close@2x.png"; sourceTree = "<group>"; };
		58A7C8D71E933EA200B07E1A /* icon_refresh@2x.png */ = {isa = PBXFileReference; lastKnownFileType = image.png; path = "icon_refresh@2x.png"; sourceTree = "<group>"; };
		58A7C8D81E933EA200B07E1A /* logo-b@2x.png */ = {isa = PBXFileReference; lastKnownFileType = image.png; path = "logo-b@2x.png"; sourceTree = "<group>"; };
		58A7C8D91E933EA200B07E1A /* logo-s@2x.png */ = {isa = PBXFileReference; lastKnownFileType = image.png; path = "logo-s@2x.png"; sourceTree = "<group>"; };
		58A7C8DA1E933EA200B07E1A /* logo-touclick@2x.png */ = {isa = PBXFileReference; lastKnownFileType = image.png; path = "logo-touclick@2x.png"; sourceTree = "<group>"; };
		58A7C8DB1E933EA200B07E1A /* logo-w@2x.png */ = {isa = PBXFileReference; lastKnownFileType = image.png; path = "logo-w@2x.png"; sourceTree = "<group>"; };
		58A7C8DC1E933EA200B07E1A /* OK@2x.png */ = {isa = PBXFileReference; lastKnownFileType = image.png; path = "OK@2x.png"; sourceTree = "<group>"; };
		58A7C8DD1E933EA200B07E1A /* refresh1@2x.png */ = {isa = PBXFileReference; lastKnownFileType = image.png; path = "refresh1@2x.png"; sourceTree = "<group>"; };
		58A7C8DE1E933EA200B07E1A /* refresh2@2x.png */ = {isa = PBXFileReference; lastKnownFileType = image.png; path = "refresh2@2x.png"; sourceTree = "<group>"; };
		58A7C8E01E933EA200B07E1A /* TCCheckModel.h */ = {isa = PBXFileReference; fileEncoding = 4; lastKnownFileType = sourcecode.c.h; path = TCCheckModel.h; sourceTree = "<group>"; };
		58A7C8E11E933EA200B07E1A /* TCCheckModel.m */ = {isa = PBXFileReference; fileEncoding = 4; lastKnownFileType = sourcecode.c.objc; path = TCCheckModel.m; sourceTree = "<group>"; };
		58A7C8E21E933EA200B07E1A /* TCVerifyModel.h */ = {isa = PBXFileReference; fileEncoding = 4; lastKnownFileType = sourcecode.c.h; path = TCVerifyModel.h; sourceTree = "<group>"; };
		58A7C8E31E933EA200B07E1A /* TCVerifyModel.m */ = {isa = PBXFileReference; fileEncoding = 4; lastKnownFileType = sourcecode.c.objc; path = TCVerifyModel.m; sourceTree = "<group>"; };
		58A7C8E61E933EA200B07E1A /* CABasicAnimation+Category.h */ = {isa = PBXFileReference; fileEncoding = 4; lastKnownFileType = sourcecode.c.h; path = "CABasicAnimation+Category.h"; sourceTree = "<group>"; };
		58A7C8E71E933EA200B07E1A /* CABasicAnimation+Category.m */ = {isa = PBXFileReference; fileEncoding = 4; lastKnownFileType = sourcecode.c.objc; path = "CABasicAnimation+Category.m"; sourceTree = "<group>"; };
		58A7C8E81E933EA200B07E1A /* ZKLoading.h */ = {isa = PBXFileReference; fileEncoding = 4; lastKnownFileType = sourcecode.c.h; path = ZKLoading.h; sourceTree = "<group>"; };
		58A7C8E91E933EA200B07E1A /* ZKLoading.m */ = {isa = PBXFileReference; fileEncoding = 4; lastKnownFileType = sourcecode.c.objc; path = ZKLoading.m; sourceTree = "<group>"; };
		58A7C8EA1E933EA200B07E1A /* UIView+Addition.h */ = {isa = PBXFileReference; fileEncoding = 4; lastKnownFileType = sourcecode.c.h; path = "UIView+Addition.h"; sourceTree = "<group>"; };
		58A7C8EB1E933EA200B07E1A /* UIView+Addition.m */ = {isa = PBXFileReference; fileEncoding = 4; lastKnownFileType = sourcecode.c.objc; path = "UIView+Addition.m"; sourceTree = "<group>"; };
		58A7C8EC1E933EA200B07E1A /* TCGlobalHeader.h */ = {isa = PBXFileReference; fileEncoding = 4; lastKnownFileType = sourcecode.c.h; path = TCGlobalHeader.h; sourceTree = "<group>"; };
		58A7C8ED1E933EA200B07E1A /* TCVerifyButton.h */ = {isa = PBXFileReference; fileEncoding = 4; lastKnownFileType = sourcecode.c.h; path = TCVerifyButton.h; sourceTree = "<group>"; };
		58A7C8EE1E933EA200B07E1A /* TCVerifyButton.m */ = {isa = PBXFileReference; fileEncoding = 4; lastKnownFileType = sourcecode.c.objc; path = TCVerifyButton.m; sourceTree = "<group>"; };
		58A7C8EF1E933EA200B07E1A /* TCVerifyView.h */ = {isa = PBXFileReference; fileEncoding = 4; lastKnownFileType = sourcecode.c.h; path = TCVerifyView.h; sourceTree = "<group>"; };
		58A7C8F01E933EA200B07E1A /* TCVerifyView.m */ = {isa = PBXFileReference; fileEncoding = 4; lastKnownFileType = sourcecode.c.objc; path = TCVerifyView.m; sourceTree = "<group>"; };
		58A7C8F11E933EA200B07E1A /* TCVerifyView.xib */ = {isa = PBXFileReference; fileEncoding = 4; lastKnownFileType = file.xib; path = TCVerifyView.xib; sourceTree = "<group>"; };
		58A7C8F31E933EA200B07E1A /* TCNetManager.h */ = {isa = PBXFileReference; fileEncoding = 4; lastKnownFileType = sourcecode.c.h; path = TCNetManager.h; sourceTree = "<group>"; };
		58A7C8F41E933EA200B07E1A /* TCNetManager.m */ = {isa = PBXFileReference; fileEncoding = 4; lastKnownFileType = sourcecode.c.objc; path = TCNetManager.m; sourceTree = "<group>"; };
		58A7C8F51E933EA200B07E1A /* TCVerifyUtil.h */ = {isa = PBXFileReference; fileEncoding = 4; lastKnownFileType = sourcecode.c.h; path = TCVerifyUtil.h; sourceTree = "<group>"; };
		58A7C8F61E933EA200B07E1A /* TCVerifyUtil.m */ = {isa = PBXFileReference; fileEncoding = 4; lastKnownFileType = sourcecode.c.objc; path = TCVerifyUtil.m; sourceTree = "<group>"; };
		58A7C9101E933EE400B07E1A /* TCVerifyTabbar.h */ = {isa = PBXFileReference; fileEncoding = 4; lastKnownFileType = sourcecode.c.h; path = TCVerifyTabbar.h; sourceTree = "<group>"; };
		58A7C9111E933EE400B07E1A /* TCVerifyTabbar.m */ = {isa = PBXFileReference; fileEncoding = 4; lastKnownFileType = sourcecode.c.objc; path = TCVerifyTabbar.m; sourceTree = "<group>"; };
/* End PBXFileReference section */

/* Begin PBXFrameworksBuildPhase section */
		588A6AC01E8CF4C900C11E48 /* Frameworks */ = {
			isa = PBXFrameworksBuildPhase;
			buildActionMask = 2147483647;
			files = (
			);
			runOnlyForDeploymentPostprocessing = 0;
		};
		588A6AD91E8CF4C900C11E48 /* Frameworks */ = {
			isa = PBXFrameworksBuildPhase;
			buildActionMask = 2147483647;
			files = (
			);
			runOnlyForDeploymentPostprocessing = 0;
		};
		588A6AE41E8CF4CA00C11E48 /* Frameworks */ = {
			isa = PBXFrameworksBuildPhase;
			buildActionMask = 2147483647;
			files = (
			);
			runOnlyForDeploymentPostprocessing = 0;
		};
/* End PBXFrameworksBuildPhase section */

/* Begin PBXGroup section */
		588A6ABA1E8CF4C900C11E48 = {
			isa = PBXGroup;
			children = (
				588A6AC51E8CF4C900C11E48 /* TouClickDemo */,
				588A6ADF1E8CF4CA00C11E48 /* TouClickDemoTests */,
				588A6AEA1E8CF4CA00C11E48 /* TouClickDemoUITests */,
				588A6AC41E8CF4C900C11E48 /* Products */,
			);
			sourceTree = "<group>";
		};
		588A6AC41E8CF4C900C11E48 /* Products */ = {
			isa = PBXGroup;
			children = (
				588A6AC31E8CF4C900C11E48 /* TouClickDemo.app */,
				588A6ADC1E8CF4CA00C11E48 /* TouClickDemoTests.xctest */,
				588A6AE71E8CF4CA00C11E48 /* TouClickDemoUITests.xctest */,
			);
			name = Products;
			sourceTree = "<group>";
		};
		588A6AC51E8CF4C900C11E48 /* TouClickDemo */ = {
			isa = PBXGroup;
			children = (
				588A6AC91E8CF4C900C11E48 /* AppDelegate.h */,
				588A6ACA1E8CF4C900C11E48 /* AppDelegate.m */,
				588A6AFF1E8CFCA200C11E48 /* classes */,
				58A7C8CE1E933EA200B07E1A /* TouClickSDK */,
				588A6AC61E8CF4C900C11E48 /* Supporting Files */,
			);
			path = TouClickDemo;
			sourceTree = "<group>";
		};
		588A6AC61E8CF4C900C11E48 /* Supporting Files */ = {
			isa = PBXGroup;
			children = (
				588A6AD21E8CF4C900C11E48 /* Assets.xcassets */,
				588A6AD41E8CF4C900C11E48 /* LaunchScreen.storyboard */,
				588A6AD71E8CF4C900C11E48 /* Info.plist */,
				588A6AC71E8CF4C900C11E48 /* main.m */,
			);
			name = "Supporting Files";
			sourceTree = "<group>";
		};
		588A6ADF1E8CF4CA00C11E48 /* TouClickDemoTests */ = {
			isa = PBXGroup;
			children = (
				588A6AE01E8CF4CA00C11E48 /* TouClickDemoTests.m */,
				588A6AE21E8CF4CA00C11E48 /* Info.plist */,
			);
			path = TouClickDemoTests;
			sourceTree = "<group>";
		};
		588A6AEA1E8CF4CA00C11E48 /* TouClickDemoUITests */ = {
			isa = PBXGroup;
			children = (
				588A6AEB1E8CF4CA00C11E48 /* TouClickDemoUITests.m */,
				588A6AED1E8CF4CA00C11E48 /* Info.plist */,
			);
			path = TouClickDemoUITests;
			sourceTree = "<group>";
		};
		588A6AFF1E8CFCA200C11E48 /* classes */ = {
			isa = PBXGroup;
			children = (
				588A6B001E8CFCB500C11E48 /* TCViewController.h */,
				588A6B011E8CFCB500C11E48 /* TCViewController.m */,
			);
			path = classes;
			sourceTree = "<group>";
		};
		58A7C8CE1E933EA200B07E1A /* TouClickSDK */ = {
			isa = PBXGroup;
			children = (
				58A7C8CF1E933EA200B07E1A /* images */,
				58A7C8DF1E933EA200B07E1A /* model */,
				58A7C8E41E933EA200B07E1A /* support */,
				58A7C8EC1E933EA200B07E1A /* TCGlobalHeader.h */,
				58A7C9101E933EE400B07E1A /* TCVerifyTabbar.h */,
				58A7C9111E933EE400B07E1A /* TCVerifyTabbar.m */,
				58A7C8ED1E933EA200B07E1A /* TCVerifyButton.h */,
				58A7C8EE1E933EA200B07E1A /* TCVerifyButton.m */,
				58A7C8EF1E933EA200B07E1A /* TCVerifyView.h */,
				58A7C8F01E933EA200B07E1A /* TCVerifyView.m */,
				58A7C8F11E933EA200B07E1A /* TCVerifyView.xib */,
				58A7C8F21E933EA200B07E1A /* util */,
			);
			path = TouClickSDK;
			sourceTree = "<group>";
		};
		58A7C8CF1E933EA200B07E1A /* images */ = {
			isa = PBXGroup;
			children = (
				58A7C8D01E933EA200B07E1A /* bubble1@2x.png */,
				58A7C8D11E933EA200B07E1A /* bubble2@2x.png */,
				58A7C8D21E933EA200B07E1A /* close1@2x.png */,
				58A7C8D31E933EA200B07E1A /* close2@2x.png */,
				58A7C8D41E933EA200B07E1A /* done@2x.png */,
				58A7C8D51E933EA200B07E1A /* error@2x.png */,
				58A7C8D61E933EA200B07E1A /* icon_close@2x.png */,
				58A7C8D71E933EA200B07E1A /* icon_refresh@2x.png */,
				58A7C8D81E933EA200B07E1A /* logo-b@2x.png */,
				58A7C8D91E933EA200B07E1A /* logo-s@2x.png */,
				58A7C8DA1E933EA200B07E1A /* logo-touclick@2x.png */,
				58A7C8DB1E933EA200B07E1A /* logo-w@2x.png */,
				58A7C8DC1E933EA200B07E1A /* OK@2x.png */,
				58A7C8DD1E933EA200B07E1A /* refresh1@2x.png */,
				58A7C8DE1E933EA200B07E1A /* refresh2@2x.png */,
			);
			path = images;
			sourceTree = "<group>";
		};
		58A7C8DF1E933EA200B07E1A /* model */ = {
			isa = PBXGroup;
			children = (
				58A7C8E01E933EA200B07E1A /* TCCheckModel.h */,
				58A7C8E11E933EA200B07E1A /* TCCheckModel.m */,
				58A7C8E21E933EA200B07E1A /* TCVerifyModel.h */,
				58A7C8E31E933EA200B07E1A /* TCVerifyModel.m */,
			);
			path = model;
			sourceTree = "<group>";
		};
		58A7C8E41E933EA200B07E1A /* support */ = {
			isa = PBXGroup;
			children = (
				58A7C8E51E933EA200B07E1A /* loading */,
				58A7C8EA1E933EA200B07E1A /* UIView+Addition.h */,
				58A7C8EB1E933EA200B07E1A /* UIView+Addition.m */,
			);
			path = support;
			sourceTree = "<group>";
		};
		58A7C8E51E933EA200B07E1A /* loading */ = {
			isa = PBXGroup;
			children = (
				58A7C8E61E933EA200B07E1A /* CABasicAnimation+Category.h */,
				58A7C8E71E933EA200B07E1A /* CABasicAnimation+Category.m */,
				58A7C8E81E933EA200B07E1A /* ZKLoading.h */,
				58A7C8E91E933EA200B07E1A /* ZKLoading.m */,
			);
			path = loading;
			sourceTree = "<group>";
		};
		58A7C8F21E933EA200B07E1A /* util */ = {
			isa = PBXGroup;
			children = (
				58A7C8F31E933EA200B07E1A /* TCNetManager.h */,
				58A7C8F41E933EA200B07E1A /* TCNetManager.m */,
				58A7C8F51E933EA200B07E1A /* TCVerifyUtil.h */,
				58A7C8F61E933EA200B07E1A /* TCVerifyUtil.m */,
			);
			path = util;
			sourceTree = "<group>";
		};
/* End PBXGroup section */

/* Begin PBXNativeTarget section */
		588A6AC21E8CF4C900C11E48 /* TouClickDemo */ = {
			isa = PBXNativeTarget;
			buildConfigurationList = 588A6AF01E8CF4CA00C11E48 /* Build configuration list for PBXNativeTarget "TouClickDemo" */;
			buildPhases = (
				588A6ABF1E8CF4C900C11E48 /* Sources */,
				588A6AC01E8CF4C900C11E48 /* Frameworks */,
				588A6AC11E8CF4C900C11E48 /* Resources */,
			);
			buildRules = (
			);
			dependencies = (
			);
			name = TouClickDemo;
			productName = TouClickDemo;
			productReference = 588A6AC31E8CF4C900C11E48 /* TouClickDemo.app */;
			productType = "com.apple.product-type.application";
		};
		588A6ADB1E8CF4C900C11E48 /* TouClickDemoTests */ = {
			isa = PBXNativeTarget;
			buildConfigurationList = 588A6AF31E8CF4CA00C11E48 /* Build configuration list for PBXNativeTarget "TouClickDemoTests" */;
			buildPhases = (
				588A6AD81E8CF4C900C11E48 /* Sources */,
				588A6AD91E8CF4C900C11E48 /* Frameworks */,
				588A6ADA1E8CF4C900C11E48 /* Resources */,
			);
			buildRules = (
			);
			dependencies = (
				588A6ADE1E8CF4CA00C11E48 /* PBXTargetDependency */,
			);
			name = TouClickDemoTests;
			productName = TouClickDemoTests;
			productReference = 588A6ADC1E8CF4CA00C11E48 /* TouClickDemoTests.xctest */;
			productType = "com.apple.product-type.bundle.unit-test";
		};
		588A6AE61E8CF4CA00C11E48 /* TouClickDemoUITests */ = {
			isa = PBXNativeTarget;
			buildConfigurationList = 588A6AF61E8CF4CA00C11E48 /* Build configuration list for PBXNativeTarget "TouClickDemoUITests" */;
			buildPhases = (
				588A6AE31E8CF4CA00C11E48 /* Sources */,
				588A6AE41E8CF4CA00C11E48 /* Frameworks */,
				588A6AE51E8CF4CA00C11E48 /* Resources */,
			);
			buildRules = (
			);
			dependencies = (
				588A6AE91E8CF4CA00C11E48 /* PBXTargetDependency */,
			);
			name = TouClickDemoUITests;
			productName = TouClickDemoUITests;
			productReference = 588A6AE71E8CF4CA00C11E48 /* TouClickDemoUITests.xctest */;
			productType = "com.apple.product-type.bundle.ui-testing";
		};
/* End PBXNativeTarget section */

/* Begin PBXProject section */
		588A6ABB1E8CF4C900C11E48 /* Project object */ = {
			isa = PBXProject;
			attributes = {
				LastUpgradeCheck = 0830;
				ORGANIZATIONNAME = ZK;
				TargetAttributes = {
					588A6AC21E8CF4C900C11E48 = {
						CreatedOnToolsVersion = 8.3;
						DevelopmentTeam = 9S49W485R2;
						ProvisioningStyle = Automatic;
					};
					588A6ADB1E8CF4C900C11E48 = {
						CreatedOnToolsVersion = 8.3;
						DevelopmentTeam = 9S49W485R2;
						ProvisioningStyle = Automatic;
						TestTargetID = 588A6AC21E8CF4C900C11E48;
					};
					588A6AE61E8CF4CA00C11E48 = {
						CreatedOnToolsVersion = 8.3;
						DevelopmentTeam = 9S49W485R2;
						ProvisioningStyle = Automatic;
						TestTargetID = 588A6AC21E8CF4C900C11E48;
					};
				};
			};
			buildConfigurationList = 588A6ABE1E8CF4C900C11E48 /* Build configuration list for PBXProject "TouClickDemo" */;
			compatibilityVersion = "Xcode 3.2";
			developmentRegion = English;
			hasScannedForEncodings = 0;
			knownRegions = (
				en,
				Base,
			);
			mainGroup = 588A6ABA1E8CF4C900C11E48;
			productRefGroup = 588A6AC41E8CF4C900C11E48 /* Products */;
			projectDirPath = "";
			projectRoot = "";
			targets = (
				588A6AC21E8CF4C900C11E48 /* TouClickDemo */,
				588A6ADB1E8CF4C900C11E48 /* TouClickDemoTests */,
				588A6AE61E8CF4CA00C11E48 /* TouClickDemoUITests */,
			);
		};
/* End PBXProject section */

/* Begin PBXResourcesBuildPhase section */
		588A6AC11E8CF4C900C11E48 /* Resources */ = {
			isa = PBXResourcesBuildPhase;
			buildActionMask = 2147483647;
			files = (
				58A7C9031E933EA200B07E1A /* OK@2x.png in Resources */,
				58A7C9011E933EA200B07E1A /* logo-touclick@2x.png in Resources */,
				58A7C9021E933EA200B07E1A /* logo-w@2x.png in Resources */,
				58A7C8FB1E933EA200B07E1A /* done@2x.png in Resources */,
				58A7C90D1E933EA200B07E1A /* TCVerifyView.xib in Resources */,
				58A7C8F91E933EA200B07E1A /* close1@2x.png in Resources */,
				588A6AD61E8CF4C900C11E48 /* LaunchScreen.storyboard in Resources */,
				58A7C8FC1E933EA200B07E1A /* error@2x.png in Resources */,
				58A7C8F81E933EA200B07E1A /* bubble2@2x.png in Resources */,
				58A7C8FE1E933EA200B07E1A /* icon_refresh@2x.png in Resources */,
				588A6AD31E8CF4C900C11E48 /* Assets.xcassets in Resources */,
				58A7C8FA1E933EA200B07E1A /* close2@2x.png in Resources */,
				58A7C8FD1E933EA200B07E1A /* icon_close@2x.png in Resources */,
				58A7C9041E933EA200B07E1A /* refresh1@2x.png in Resources */,
				58A7C8FF1E933EA200B07E1A /* logo-b@2x.png in Resources */,
				58A7C8F71E933EA200B07E1A /* bubble1@2x.png in Resources */,
				58A7C9001E933EA200B07E1A /* logo-s@2x.png in Resources */,
				58A7C9051E933EA200B07E1A /* refresh2@2x.png in Resources */,
			);
			runOnlyForDeploymentPostprocessing = 0;
		};
		588A6ADA1E8CF4C900C11E48 /* Resources */ = {
			isa = PBXResourcesBuildPhase;
			buildActionMask = 2147483647;
			files = (
			);
			runOnlyForDeploymentPostprocessing = 0;
		};
		588A6AE51E8CF4CA00C11E48 /* Resources */ = {
			isa = PBXResourcesBuildPhase;
			buildActionMask = 2147483647;
			files = (
			);
			runOnlyForDeploymentPostprocessing = 0;
		};
/* End PBXResourcesBuildPhase section */

/* Begin PBXSourcesBuildPhase section */
		588A6ABF1E8CF4C900C11E48 /* Sources */ = {
			isa = PBXSourcesBuildPhase;
			buildActionMask = 2147483647;
			files = (
				58A7C90B1E933EA200B07E1A /* TCVerifyButton.m in Sources */,
				588A6B031E8CFCB500C11E48 /* TCViewController.m in Sources */,
				58A7C9091E933EA200B07E1A /* ZKLoading.m in Sources */,
				588A6ACB1E8CF4C900C11E48 /* AppDelegate.m in Sources */,
				58A7C90E1E933EA200B07E1A /* TCNetManager.m in Sources */,
				58A7C9121E933EE400B07E1A /* TCVerifyTabbar.m in Sources */,
				58A7C90C1E933EA200B07E1A /* TCVerifyView.m in Sources */,
				588A6AC81E8CF4C900C11E48 /* main.m in Sources */,
				58A7C90F1E933EA200B07E1A /* TCVerifyUtil.m in Sources */,
				58A7C90A1E933EA200B07E1A /* UIView+Addition.m in Sources */,
				58A7C9061E933EA200B07E1A /* TCCheckModel.m in Sources */,
				58A7C9071E933EA200B07E1A /* TCVerifyModel.m in Sources */,
				58A7C9081E933EA200B07E1A /* CABasicAnimation+Category.m in Sources */,
			);
			runOnlyForDeploymentPostprocessing = 0;
		};
		588A6AD81E8CF4C900C11E48 /* Sources */ = {
			isa = PBXSourcesBuildPhase;
			buildActionMask = 2147483647;
			files = (
				588A6AE11E8CF4CA00C11E48 /* TouClickDemoTests.m in Sources */,
			);
			runOnlyForDeploymentPostprocessing = 0;
		};
		588A6AE31E8CF4CA00C11E48 /* Sources */ = {
			isa = PBXSourcesBuildPhase;
			buildActionMask = 2147483647;
			files = (
				588A6AEC1E8CF4CA00C11E48 /* TouClickDemoUITests.m in Sources */,
			);
			runOnlyForDeploymentPostprocessing = 0;
		};
/* End PBXSourcesBuildPhase section */

/* Begin PBXTargetDependency section */
		588A6ADE1E8CF4CA00C11E48 /* PBXTargetDependency */ = {
			isa = PBXTargetDependency;
			target = 588A6AC21E8CF4C900C11E48 /* TouClickDemo */;
			targetProxy = 588A6ADD1E8CF4CA00C11E48 /* PBXContainerItemProxy */;
		};
		588A6AE91E8CF4CA00C11E48 /* PBXTargetDependency */ = {
			isa = PBXTargetDependency;
			target = 588A6AC21E8CF4C900C11E48 /* TouClickDemo */;
			targetProxy = 588A6AE81E8CF4CA00C11E48 /* PBXContainerItemProxy */;
		};
/* End PBXTargetDependency section */

/* Begin PBXVariantGroup section */
		588A6AD41E8CF4C900C11E48 /* LaunchScreen.storyboard */ = {
			isa = PBXVariantGroup;
			children = (
				588A6AD51E8CF4C900C11E48 /* Base */,
			);
			name = LaunchScreen.storyboard;
			sourceTree = "<group>";
		};
/* End PBXVariantGroup section */

/* Begin XCBuildConfiguration section */
		588A6AEE1E8CF4CA00C11E48 /* Debug */ = {
			isa = XCBuildConfiguration;
			buildSettings = {
				ALWAYS_SEARCH_USER_PATHS = NO;
				CLANG_ANALYZER_NONNULL = YES;
				CLANG_ANALYZER_NUMBER_OBJECT_CONVERSION = YES_AGGRESSIVE;
				CLANG_CXX_LANGUAGE_STANDARD = "gnu++0x";
				CLANG_CXX_LIBRARY = "libc++";
				CLANG_ENABLE_MODULES = YES;
				CLANG_ENABLE_OBJC_ARC = YES;
				CLANG_WARN_BOOL_CONVERSION = YES;
				CLANG_WARN_CONSTANT_CONVERSION = YES;
				CLANG_WARN_DIRECT_OBJC_ISA_USAGE = YES_ERROR;
				CLANG_WARN_DOCUMENTATION_COMMENTS = YES;
				CLANG_WARN_EMPTY_BODY = YES;
				CLANG_WARN_ENUM_CONVERSION = YES;
				CLANG_WARN_INFINITE_RECURSION = YES;
				CLANG_WARN_INT_CONVERSION = YES;
				CLANG_WARN_OBJC_ROOT_CLASS = YES_ERROR;
				CLANG_WARN_SUSPICIOUS_MOVE = YES;
				CLANG_WARN_UNREACHABLE_CODE = YES;
				CLANG_WARN__DUPLICATE_METHOD_MATCH = YES;
				"CODE_SIGN_IDENTITY[sdk=iphoneos*]" = "iPhone Developer";
				COPY_PHASE_STRIP = NO;
				DEBUG_INFORMATION_FORMAT = dwarf;
				ENABLE_STRICT_OBJC_MSGSEND = YES;
				ENABLE_TESTABILITY = YES;
				GCC_C_LANGUAGE_STANDARD = gnu99;
				GCC_DYNAMIC_NO_PIC = NO;
				GCC_NO_COMMON_BLOCKS = YES;
				GCC_OPTIMIZATION_LEVEL = 0;
				GCC_PREPROCESSOR_DEFINITIONS = (
					"DEBUG=1",
					"$(inherited)",
				);
				GCC_WARN_64_TO_32_BIT_CONVERSION = YES;
				GCC_WARN_ABOUT_RETURN_TYPE = YES_ERROR;
				GCC_WARN_UNDECLARED_SELECTOR = YES;
				GCC_WARN_UNINITIALIZED_AUTOS = YES_AGGRESSIVE;
				GCC_WARN_UNUSED_FUNCTION = YES;
				GCC_WARN_UNUSED_VARIABLE = YES;
				IPHONEOS_DEPLOYMENT_TARGET = 10.3;
				MTL_ENABLE_DEBUG_INFO = YES;
				ONLY_ACTIVE_ARCH = YES;
				SDKROOT = iphoneos;
				TARGETED_DEVICE_FAMILY = "1,2";
			};
			name = Debug;
		};
		588A6AEF1E8CF4CA00C11E48 /* Release */ = {
			isa = XCBuildConfiguration;
			buildSettings = {
				ALWAYS_SEARCH_USER_PATHS = NO;
				CLANG_ANALYZER_NONNULL = YES;
				CLANG_ANALYZER_NUMBER_OBJECT_CONVERSION = YES_AGGRESSIVE;
				CLANG_CXX_LANGUAGE_STANDARD = "gnu++0x";
				CLANG_CXX_LIBRARY = "libc++";
				CLANG_ENABLE_MODULES = YES;
				CLANG_ENABLE_OBJC_ARC = YES;
				CLANG_WARN_BOOL_CONVERSION = YES;
				CLANG_WARN_CONSTANT_CONVERSION = YES;
				CLANG_WARN_DIRECT_OBJC_ISA_USAGE = YES_ERROR;
				CLANG_WARN_DOCUMENTATION_COMMENTS = YES;
				CLANG_WARN_EMPTY_BODY = YES;
				CLANG_WARN_ENUM_CONVERSION = YES;
				CLANG_WARN_INFINITE_RECURSION = YES;
				CLANG_WARN_INT_CONVERSION = YES;
				CLANG_WARN_OBJC_ROOT_CLASS = YES_ERROR;
				CLANG_WARN_SUSPICIOUS_MOVE = YES;
				CLANG_WARN_UNREACHABLE_CODE = YES;
				CLANG_WARN__DUPLICATE_METHOD_MATCH = YES;
				"CODE_SIGN_IDENTITY[sdk=iphoneos*]" = "iPhone Developer";
				COPY_PHASE_STRIP = NO;
				DEBUG_INFORMATION_FORMAT = "dwarf-with-dsym";
				ENABLE_NS_ASSERTIONS = NO;
				ENABLE_STRICT_OBJC_MSGSEND = YES;
				GCC_C_LANGUAGE_STANDARD = gnu99;
				GCC_NO_COMMON_BLOCKS = YES;
				GCC_WARN_64_TO_32_BIT_CONVERSION = YES;
				GCC_WARN_ABOUT_RETURN_TYPE = YES_ERROR;
				GCC_WARN_UNDECLARED_SELECTOR = YES;
				GCC_WARN_UNINITIALIZED_AUTOS = YES_AGGRESSIVE;
				GCC_WARN_UNUSED_FUNCTION = YES;
				GCC_WARN_UNUSED_VARIABLE = YES;
				IPHONEOS_DEPLOYMENT_TARGET = 10.3;
				MTL_ENABLE_DEBUG_INFO = NO;
				SDKROOT = iphoneos;
				TARGETED_DEVICE_FAMILY = "1,2";
				VALIDATE_PRODUCT = YES;
			};
			name = Release;
		};
		588A6AF11E8CF4CA00C11E48 /* Debug */ = {
			isa = XCBuildConfiguration;
			buildSettings = {
				ASSETCATALOG_COMPILER_APPICON_NAME = AppIcon;
				DEVELOPMENT_TEAM = 9S49W485R2;
				INFOPLIST_FILE = TouClickDemo/Info.plist;
				IPHONEOS_DEPLOYMENT_TARGET = 8.0;
				LD_RUNPATH_SEARCH_PATHS = "$(inherited) @executable_path/Frameworks";
				PRODUCT_BUNDLE_IDENTIFIER = com.zk.touclick.TouClickDemo;
				PRODUCT_NAME = "$(TARGET_NAME)";
			};
			name = Debug;
		};
		588A6AF21E8CF4CA00C11E48 /* Release */ = {
			isa = XCBuildConfiguration;
			buildSettings = {
				ASSETCATALOG_COMPILER_APPICON_NAME = AppIcon;
				DEVELOPMENT_TEAM = 9S49W485R2;
				INFOPLIST_FILE = TouClickDemo/Info.plist;
				IPHONEOS_DEPLOYMENT_TARGET = 8.0;
				LD_RUNPATH_SEARCH_PATHS = "$(inherited) @executable_path/Frameworks";
				PRODUCT_BUNDLE_IDENTIFIER = com.zk.touclick.TouClickDemo;
				PRODUCT_NAME = "$(TARGET_NAME)";
			};
			name = Release;
		};
		588A6AF41E8CF4CA00C11E48 /* Debug */ = {
			isa = XCBuildConfiguration;
			buildSettings = {
				BUNDLE_LOADER = "$(TEST_HOST)";
				DEVELOPMENT_TEAM = 9S49W485R2;
				INFOPLIST_FILE = TouClickDemoTests/Info.plist;
				LD_RUNPATH_SEARCH_PATHS = "$(inherited) @executable_path/Frameworks @loader_path/Frameworks";
				PRODUCT_BUNDLE_IDENTIFIER = com.zk.touclick.TouClickDemoTests;
				PRODUCT_NAME = "$(TARGET_NAME)";
				TEST_HOST = "$(BUILT_PRODUCTS_DIR)/TouClickDemo.app/TouClickDemo";
			};
			name = Debug;
		};
		588A6AF51E8CF4CA00C11E48 /* Release */ = {
			isa = XCBuildConfiguration;
			buildSettings = {
				BUNDLE_LOADER = "$(TEST_HOST)";
				DEVELOPMENT_TEAM = 9S49W485R2;
				INFOPLIST_FILE = TouClickDemoTests/Info.plist;
				LD_RUNPATH_SEARCH_PATHS = "$(inherited) @executable_path/Frameworks @loader_path/Frameworks";
				PRODUCT_BUNDLE_IDENTIFIER = com.zk.touclick.TouClickDemoTests;
				PRODUCT_NAME = "$(TARGET_NAME)";
				TEST_HOST = "$(BUILT_PRODUCTS_DIR)/TouClickDemo.app/TouClickDemo";
			};
			name = Release;
		};
		588A6AF71E8CF4CA00C11E48 /* Debug */ = {
			isa = XCBuildConfiguration;
			buildSettings = {
				DEVELOPMENT_TEAM = 9S49W485R2;
				INFOPLIST_FILE = TouClickDemoUITests/Info.plist;
				LD_RUNPATH_SEARCH_PATHS = "$(inherited) @executable_path/Frameworks @loader_path/Frameworks";
				PRODUCT_BUNDLE_IDENTIFIER = com.zk.touclick.TouClickDemoUITests;
				PRODUCT_NAME = "$(TARGET_NAME)";
				TEST_TARGET_NAME = TouClickDemo;
			};
			name = Debug;
		};
		588A6AF81E8CF4CA00C11E48 /* Release */ = {
			isa = XCBuildConfiguration;
			buildSettings = {
				DEVELOPMENT_TEAM = 9S49W485R2;
				INFOPLIST_FILE = TouClickDemoUITests/Info.plist;
				LD_RUNPATH_SEARCH_PATHS = "$(inherited) @executable_path/Frameworks @loader_path/Frameworks";
				PRODUCT_BUNDLE_IDENTIFIER = com.zk.touclick.TouClickDemoUITests;
				PRODUCT_NAME = "$(TARGET_NAME)";
				TEST_TARGET_NAME = TouClickDemo;
			};
			name = Release;
		};
/* End XCBuildConfiguration section */

/* Begin XCConfigurationList section */
		588A6ABE1E8CF4C900C11E48 /* Build configuration list for PBXProject "TouClickDemo" */ = {
			isa = XCConfigurationList;
			buildConfigurations = (
				588A6AEE1E8CF4CA00C11E48 /* Debug */,
				588A6AEF1E8CF4CA00C11E48 /* Release */,
			);
			defaultConfigurationIsVisible = 0;
			defaultConfigurationName = Release;
		};
		588A6AF01E8CF4CA00C11E48 /* Build configuration list for PBXNativeTarget "TouClickDemo" */ = {
			isa = XCConfigurationList;
			buildConfigurations = (
				588A6AF11E8CF4CA00C11E48 /* Debug */,
				588A6AF21E8CF4CA00C11E48 /* Release */,
			);
			defaultConfigurationIsVisible = 0;
			defaultConfigurationName = Release;
		};
		588A6AF31E8CF4CA00C11E48 /* Build configuration list for PBXNativeTarget "TouClickDemoTests" */ = {
			isa = XCConfigurationList;
			buildConfigurations = (
				588A6AF41E8CF4CA00C11E48 /* Debug */,
				588A6AF51E8CF4CA00C11E48 /* Release */,
			);
			defaultConfigurationIsVisible = 0;
			defaultConfigurationName = Release;
		};
		588A6AF61E8CF4CA00C11E48 /* Build configuration list for PBXNativeTarget "TouClickDemoUITests" */ = {
			isa = XCConfigurationList;
			buildConfigurations = (
				588A6AF71E8CF4CA00C11E48 /* Debug */,
				588A6AF81E8CF4CA00C11E48 /* Release */,
			);
			defaultConfigurationIsVisible = 0;
			defaultConfigurationName = Release;
		};
/* End XCConfigurationList section */
	};
	rootObject = 588A6ABB1E8CF4C900C11E48 /* Project object */;
}
